<?xml version="1.0" encoding="UTF-8" standalone="yes" ?>
<CodeBlocks_project_file>
	<FileVersion major="1" minor="6" />
	<Project>
		<Option title="Diody i przyciski" />
		<Option pch_mode="2" />
		<Option compiler="gcc" />
		<Build>
			<Target title="Debug">
				<Option output="bin/Debug/Diody i przyciski" prefix_auto="1" extension_auto="1" />
				<Option object_output="obj/Debug/" />
				<Option type="1" />
				<Option compiler="gcc" />
				<Compiler>
					<Add option="-std=c++11" />
					<Add option="-g" />
					<Add directory="include" />
				</Compiler>
				<Linker>
					<Add option="-lsndfile" />
					<Add option="-lasound" />
					<Add option="-lpthread" />
					<Add option="-lncurses" />
				</Linker>
			</Target>
			<Target title="Release">
				<Option output="bin/Release/Diody i przyciski" prefix_auto="1" extension_auto="1" />
				<Option object_output="obj/Release/" />
				<Option type="1" />
				<Option compiler="gcc" />
				<Option use_console_runner="0" />
				<Compiler>
					<Add option="-O2" />
					<Add option="-std=c++0x" />
					<Add directory="include" />
				</Compiler>
				<Linker>
					<Add option="-s" />
					<Add option="-lpthread" />
					<Add option="-lasound" />
					<Add option="-lncurses" />
					<Add option="-lsndfile" />
				</Linker>
			</Target>
		</Build>
		<Compiler>
			<Add option="-Wall" />
			<Add option="-fexceptions" />
		</Compiler>
		<Unit filename="include/cGPIO.h" />
		<Unit filename="include/controlGPIO.h" />
		<Unit filename="include/funcGPIO.h" />
		<Unit filename="include/func_matryca.h" />
		<Unit filename="include/function.h" />
		<Unit filename="include/interaction.h" />
		<Unit filename="include/library.h" />
		<Unit filename="include/litery.h" />
		<Unit filename="include/snd_alsa_play.h">
			<Option compile="1" />
		</Unit>
		<Unit filename="include/time_measure.h" />
		<Unit filename="include/window_view.h" />
		<Unit filename="kiss_fft130/_kiss_fft_guts.h" />
		<Unit filename="kiss_fft130/kiss_fft.c">
			<Option compilerVar="CC" />
		</Unit>
		<Unit filename="kiss_fft130/kiss_fft.h" />
		<Unit filename="kiss_fft130/kissfft.hh" />
		<Unit filename="libsndfile/Octave/format.h" />
		<Unit filename="libsndfile/programs/common.h" />
		<Unit filename="libsndfile/regtest/regtest.h" />
		<Unit filename="libsndfile/src/G72x/g72x.h" />
		<Unit filename="libsndfile/src/G72x/g72x_priv.h" />
		<Unit filename="libsndfile/src/GSM610/config.h" />
		<Unit filename="libsndfile/src/GSM610/gsm.h" />
		<Unit filename="libsndfile/src/GSM610/gsm610_priv.h" />
		<Unit filename="libsndfile/src/chanmap.h" />
		<Unit filename="libsndfile/src/common.h" />
		<Unit filename="libsndfile/src/config.h" />
		<Unit filename="libsndfile/src/ima_oki_adpcm.h" />
		<Unit filename="libsndfile/src/ogg.h" />
		<Unit filename="libsndfile/src/sf_unistd.h" />
		<Unit filename="libsndfile/src/sfconfig.h" />
		<Unit filename="libsndfile/src/sfendian.h" />
		<Unit filename="libsndfile/src/sndfile.h" />
		<Unit filename="libsndfile/src/sndfile.hh" />
		<Unit filename="libsndfile/src/test_main.h" />
		<Unit filename="libsndfile/src/wavlike.h" />
		<Unit filename="libsndfile/tests/dft_cmp.h" />
		<Unit filename="libsndfile/tests/generate.h" />
		<Unit filename="libsndfile/tests/utils.h" />
		<Unit filename="main.cpp" />
		<Unit filename="src/cGPIO.cpp">
			<Option compile="0" />
		</Unit>
		<Unit filename="src/controlGPIO.cpp">
			<Option compile="0" />
			<Option link="0" />
		</Unit>
		<Unit filename="src/func_matryca.cpp" />
		<Unit filename="src/function.cpp">
			<Option weight="66" />
		</Unit>
		<Unit filename="src/litery.cpp" />
		<Unit filename="src/ws2812b_disp.cpp">
			<Option compile="0" />
		</Unit>
		<Extensions>
			<code_completion />
			<debugger />
		</Extensions>
	</Project>
</CodeBlocks_project_file>
